
Microsoft Visual Studio Solution File, Format Version 12.00
# Visual Studio Version 16
VisualStudioVersion = 16.0.29230.47
MinimumVisualStudioVersion = 10.0.40219.1
Project("{FAE04EC0-301F-11D3-BF4B-00C04F79EFBC}") = "NLPWebScraper", "NLPWebScraper\NLPWebScraper.csproj", "{4BF74AA9-905B-41EF-A046-5AF03659812A}"
EndProject
Project("{FAE04EC0-301F-11D3-BF4B-00C04F79EFBC}") = "OpenNLP", "OpenNLP\OpenNLP.csproj", "{B70185DF-81FD-4417-914F-7C90E65E7D9F}"
EndProject
Global
	GlobalSection(SolutionConfigurationPlatforms) = preSolution
		Debug|Any CPU = Debug|Any CPU
		Release|Any CPU = Release|Any CPU
	EndGlobalSection
	GlobalSection(ProjectConfigurationPlatforms) = postSolution
		{4BF74AA9-905B-41EF-A046-5AF03659812A}.Debug|Any CPU.ActiveCfg = Debug|Any CPU
		{4BF74AA9-905B-41EF-A046-5AF03659812A}.Debug|Any CPU.Build.0 = Debug|Any CPU
		{4BF74AA9-905B-41EF-A046-5AF03659812A}.Release|Any CPU.ActiveCfg = Release|Any CPU
		{4BF74AA9-905B-41EF-A046-5AF03659812A}.Release|Any CPU.Build.0 = Release|Any CPU
		{B70185DF-81FD-4417-914F-7C90E65E7D9F}.Debug|Any CPU.ActiveCfg = Debug|Any CPU
		{B70185DF-81FD-4417-914F-7C90E65E7D9F}.Debug|Any CPU.Build.0 = Debug|Any CPU
		{B70185DF-81FD-4417-914F-7C90E65E7D9F}.Release|Any CPU.ActiveCfg = Release|Any CPU
		{B70185DF-81FD-4417-914F-7C90E65E7D9F}.Release|Any CPU.Build.0 = Release|Any CPU
	EndGlobalSection
	GlobalSection(SolutionProperties) = preSolution
		HideSolutionNode = FALSE
	EndGlobalSection
	GlobalSection(ExtensibilityGlobals) = postSolution
		SolutionGuid = {87BD4DC3-2BDA-4711-93D1-931F28097490}
	EndGlobalSection
EndGlobal
